PODS:
  - AFSAppDispatcherKit (2.0.0)

DEPENDENCIES:
  - AFSAppDispatcherKit (from `../`)

EXTERNAL SOURCES:
  AFSAppDispatcherKit:
    :path: "../"

SPEC CHECKSUMS:
  AFSAppDispatcherKit: 1d868bee67bf8b5b0dddf67ddb52979b5e36fdfa

PODFILE CHECKSUM: 7978b0811352f84781447e250254e902b93f8f63

COCOAPODS: 1.6.1
